
Microsoft Visual Studio Solution File, Format Version 12.00
# Visual Studio Version 16
VisualStudioVersion = 16.0.31005.135
MinimumVisualStudioVersion = 10.0.40219.1
Project("{6EC3EE1D-3C4E-46DD-8F32-0CC8E7565705}") = "01_Window", "01_Window\01_Window.fsproj", "{7A93FFF8-1956-491E-ABD3-17EE8B355DD6}"
EndProject
Project("{6EC3EE1D-3C4E-46DD-8F32-0CC8E7565705}") = "Galante", "Galante\Galante.fsproj", "{E168A49C-FBA4-42AE-B4C2-74ADFE4A46FD}"
EndProject
Project("{F2A71F9B-5D33-465A-A702-920D77279786}") = "02_Triangle", "02_Triangle\02_Triangle.fsproj", "{7089410E-C068-467E-A4B8-641730ACBCC2}"
EndProject
Project("{F2A71F9B-5D33-465A-A702-920D77279786}") = "03_Quad", "03_Quad\03_Quad.fsproj", "{6AD2FF24-46BE-4DB5-B00D-B603A5BC46AA}"
EndProject
Project("{F2A71F9B-5D33-465A-A702-920D77279786}") = "04_Quad_Texture", "04_Quad_Texture\04_Quad_Texture.fsproj", "{88C32BA6-C7CD-4795-B035-80288B57CB4D}"
EndProject
Global
	GlobalSection(SolutionConfigurationPlatforms) = preSolution
		Debug|Any CPU = Debug|Any CPU
		Release|Any CPU = Release|Any CPU
	EndGlobalSection
	GlobalSection(ProjectConfigurationPlatforms) = postSolution
		{7A93FFF8-1956-491E-ABD3-17EE8B355DD6}.Debug|Any CPU.ActiveCfg = Debug|Any CPU
		{7A93FFF8-1956-491E-ABD3-17EE8B355DD6}.Debug|Any CPU.Build.0 = Debug|Any CPU
		{7A93FFF8-1956-491E-ABD3-17EE8B355DD6}.Release|Any CPU.ActiveCfg = Release|Any CPU
		{7A93FFF8-1956-491E-ABD3-17EE8B355DD6}.Release|Any CPU.Build.0 = Release|Any CPU
		{E168A49C-FBA4-42AE-B4C2-74ADFE4A46FD}.Debug|Any CPU.ActiveCfg = Debug|Any CPU
		{E168A49C-FBA4-42AE-B4C2-74ADFE4A46FD}.Debug|Any CPU.Build.0 = Debug|Any CPU
		{E168A49C-FBA4-42AE-B4C2-74ADFE4A46FD}.Release|Any CPU.ActiveCfg = Release|Any CPU
		{E168A49C-FBA4-42AE-B4C2-74ADFE4A46FD}.Release|Any CPU.Build.0 = Release|Any CPU
		{7089410E-C068-467E-A4B8-641730ACBCC2}.Debug|Any CPU.ActiveCfg = Debug|Any CPU
		{7089410E-C068-467E-A4B8-641730ACBCC2}.Debug|Any CPU.Build.0 = Debug|Any CPU
		{7089410E-C068-467E-A4B8-641730ACBCC2}.Release|Any CPU.ActiveCfg = Release|Any CPU
		{7089410E-C068-467E-A4B8-641730ACBCC2}.Release|Any CPU.Build.0 = Release|Any CPU
		{6AD2FF24-46BE-4DB5-B00D-B603A5BC46AA}.Debug|Any CPU.ActiveCfg = Debug|Any CPU
		{6AD2FF24-46BE-4DB5-B00D-B603A5BC46AA}.Debug|Any CPU.Build.0 = Debug|Any CPU
		{6AD2FF24-46BE-4DB5-B00D-B603A5BC46AA}.Release|Any CPU.ActiveCfg = Release|Any CPU
		{6AD2FF24-46BE-4DB5-B00D-B603A5BC46AA}.Release|Any CPU.Build.0 = Release|Any CPU
		{88C32BA6-C7CD-4795-B035-80288B57CB4D}.Debug|Any CPU.ActiveCfg = Debug|Any CPU
		{88C32BA6-C7CD-4795-B035-80288B57CB4D}.Debug|Any CPU.Build.0 = Debug|Any CPU
		{88C32BA6-C7CD-4795-B035-80288B57CB4D}.Release|Any CPU.ActiveCfg = Release|Any CPU
		{88C32BA6-C7CD-4795-B035-80288B57CB4D}.Release|Any CPU.Build.0 = Release|Any CPU
	EndGlobalSection
	GlobalSection(SolutionProperties) = preSolution
		HideSolutionNode = FALSE
	EndGlobalSection
	GlobalSection(ExtensibilityGlobals) = postSolution
		SolutionGuid = {654E2005-6BDE-48D1-A08B-C0136EEF354D}
	EndGlobalSection
EndGlobal
