
Microsoft Visual Studio Solution File, Format Version 12.00
# Visual Studio Version 16
VisualStudioVersion = 16.0.31005.135
MinimumVisualStudioVersion = 10.0.40219.1
Project("{6EC3EE1D-3C4E-46DD-8F32-0CC8E7565705}") = "01_Window", "01_Window\01_Window.fsproj", "{7A93FFF8-1956-491E-ABD3-17EE8B355DD6}"
EndProject
Project("{6EC3EE1D-3C4E-46DD-8F32-0CC8E7565705}") = "Galante", "Galante\Galante.fsproj", "{E168A49C-FBA4-42AE-B4C2-74ADFE4A46FD}"
EndProject
Project("{6EC3EE1D-3C4E-46DD-8F32-0CC8E7565705}") = "02_Triangle", "02_Triangle\02_Triangle.fsproj", "{7089410E-C068-467E-A4B8-641730ACBCC2}"
EndProject
Project("{6EC3EE1D-3C4E-46DD-8F32-0CC8E7565705}") = "03_Quad", "03_Quad\03_Quad.fsproj", "{6AD2FF24-46BE-4DB5-B00D-B603A5BC46AA}"
EndProject
Project("{6EC3EE1D-3C4E-46DD-8F32-0CC8E7565705}") = "04_Quad_Texture", "04_Quad_Texture\04_Quad_Texture.fsproj", "{88C32BA6-C7CD-4795-B035-80288B57CB4D}"
EndProject
Project("{6EC3EE1D-3C4E-46DD-8F32-0CC8E7565705}") = "05_Quad_Texture_Colored", "05_Quad_Texture_Colored\05_Quad_Texture_Colored.fsproj", "{C1873B82-1620-41AC-8ED0-4D3F7317358C}"
EndProject
Project("{6EC3EE1D-3C4E-46DD-8F32-0CC8E7565705}") = "06_Quad_Texture_Double", "06_Quad_Texture_Double\06_Quad_Texture_Double.fsproj", "{7B2E68C3-9210-4C81-B30B-BCDADF89A2E0}"
EndProject
Project("{6EC3EE1D-3C4E-46DD-8F32-0CC8E7565705}") = "07_Transformations", "07_Transformations\07_Transformations.fsproj", "{AAB22D8A-EA24-44F0-985B-66628EC0616F}"
EndProject
Project("{6EC3EE1D-3C4E-46DD-8F32-0CC8E7565705}") = "08_Coordinate_Systems_Perspective", "08_Coordinate_Systems_Perspective\08_Coordinate_Systems_Perspective.fsproj", "{F57F190A-D0E5-4991-A3AF-06E82123DADA}"
EndProject
Project("{6EC3EE1D-3C4E-46DD-8F32-0CC8E7565705}") = "09_Coordinate_Systems_Cube", "09_Coordinate_Systems_Cube\09_Coordinate_Systems_Cube.fsproj", "{BE12A96E-416A-4DCB-B303-D5D222C5BD31}"
EndProject
Project("{6EC3EE1D-3C4E-46DD-8F32-0CC8E7565705}") = "10_Coordinate_Systems_Cube_With_Depth_Testing", "10_Coordinate_Systems_Cube_With_Depth_Testing\10_Coordinate_Systems_Cube_With_Depth_Testing.fsproj", "{0C2C606D-C6F2-4D25-A0C4-33B9CEAD697E}"
EndProject
Project("{6EC3EE1D-3C4E-46DD-8F32-0CC8E7565705}") = "11_Coordinate_Systems_Many_Cubes", "11_Coordinate_Systems_Many_Cubes\11_Coordinate_Systems_Many_Cubes.fsproj", "{79D45E55-8338-4711-A98B-CDA27DDE4A2E}"
EndProject
Project("{6EC3EE1D-3C4E-46DD-8F32-0CC8E7565705}") = "12_Camera_Automove", "12_Camera_Automove\12_Camera_Automove.fsproj", "{E1A9B049-A8E2-43A0-BE77-B5C5B52FAC03}"
EndProject
Project("{6EC3EE1D-3C4E-46DD-8F32-0CC8E7565705}") = "13_Camera_Walk_Around_With_Inputs", "13_Camera_Walk_Around_With_Inputs\13_Camera_Walk_Around_With_Inputs.fsproj", "{0E48DB0D-8200-4A3C-9F19-79DC2B6735A7}"
EndProject
Project("{6EC3EE1D-3C4E-46DD-8F32-0CC8E7565705}") = "Galante.OpenGL", "Galante.OpenGL\Galante.OpenGL.fsproj", "{A49950D1-31D9-4E76-81B7-3FA8269E4606}"
EndProject
Project("{6EC3EE1D-3C4E-46DD-8F32-0CC8E7565705}") = "14_A_Lighting_Scene", "14_A_Lighting_Scene\14_A_Lighting_Scene.fsproj", "{EA34A984-0774-4A92-9E42-23FA6259205A}"
EndProject
Project("{6EC3EE1D-3C4E-46DD-8F32-0CC8E7565705}") = "Galante.Tests", "Galante.Tests\Galante.Tests.fsproj", "{A1ABB0DB-01C8-4BE5-8D47-1D3476890B89}"
EndProject
Project("{6EC3EE1D-3C4E-46DD-8F32-0CC8E7565705}") = "15_Phong_Ambient_Lighting", "15_Phong_Ambient_Lighting\15_Phong_Ambient_Lighting.fsproj", "{6CEDA829-D15E-4E8C-AF38-3497A89F6FA4}"
EndProject
Project("{6EC3EE1D-3C4E-46DD-8F32-0CC8E7565705}") = "Baseline", "Baseline\Baseline.fsproj", "{B06263CF-A7E3-4047-8B8A-D1D6B68883F1}"
EndProject
Project("{6EC3EE1D-3C4E-46DD-8F32-0CC8E7565705}") = "16_Phong_Diffuse_Lighting", "16_Phong_Diffuse_Lighting\16_Phong_Diffuse_Lighting.fsproj", "{DB040AF9-227A-4D64-8157-C9FC61C8020F}"
EndProject
Project("{6EC3EE1D-3C4E-46DD-8F32-0CC8E7565705}") = "17_Phong_Specular_Lighting", "17_Phong_Specular_Lighting\17_Phong_Specular_Lighting.fsproj", "{6AD48C98-DC5B-4BD2-927A-47ED9312D8A9}"
EndProject
Project("{6EC3EE1D-3C4E-46DD-8F32-0CC8E7565705}") = "18_Setting_Materials", "18_Setting_Materials\18_Setting_Materials.fsproj", "{D12DEB6D-C0CC-4E0D-86CC-5CF58630F350}"
EndProject
Project("{6EC3EE1D-3C4E-46DD-8F32-0CC8E7565705}") = "19_Light_Properties", "19_Light_Properties\19_Light_Properties.fsproj", "{389FF5D1-41B5-4787-95E2-2810CFDA6BF2}"
EndProject
Project("{6EC3EE1D-3C4E-46DD-8F32-0CC8E7565705}") = "20_Different_Light_Colors", "20_Different_Light_Colors\20_Different_Light_Colors.fsproj", "{96667657-EBDE-4856-BCB9-62AF650AE3AC}"
EndProject
Project("{6EC3EE1D-3C4E-46DD-8F32-0CC8E7565705}") = "21_Diffuse_Maps", "21_Diffuse_Maps\21_Diffuse_Maps.fsproj", "{7BDF7A72-3B03-4164-9459-2BD7228FF692}"
EndProject
Project("{6EC3EE1D-3C4E-46DD-8F32-0CC8E7565705}") = "22_Specular_Maps", "22_Specular_Maps\22_Specular_Maps.fsproj", "{595676CE-A636-4B23-8435-61F7B8585C13}"
EndProject
Project("{6EC3EE1D-3C4E-46DD-8F32-0CC8E7565705}") = "23_Emission_Maps", "23_Emission_Maps\23_Emission_Maps.fsproj", "{9B74A216-F615-42E5-9805-C3958E4894BF}"
EndProject
Project("{F2A71F9B-5D33-465A-A702-920D77279786}") = "24_Directional_Light", "24_Directional_Light\24_Directional_Light.fsproj", "{C45656D2-8B3C-46C2-A636-A943199C5843}"
EndProject
Project("{F2A71F9B-5D33-465A-A702-920D77279786}") = "25_Point_Light", "25_Point_Light\25_Point_Light.fsproj", "{252F6E4E-85EA-4A8D-9A87-B17B5C51A2CC}"
EndProject
Project("{F2A71F9B-5D33-465A-A702-920D77279786}") = "26_Spotlight", "26_Spotlight\26_Spotlight.fsproj", "{31912158-B091-4B88-9F85-3401EE398CBA}"
EndProject
Project("{F2A71F9B-5D33-465A-A702-920D77279786}") = "27_Multiple_Lights", "27_Multiple_Lights\27_Multiple_Lights.fsproj", "{124F1B8B-B43C-405C-B59B-4C6E145F26B8}"
EndProject
Global
	GlobalSection(SolutionConfigurationPlatforms) = preSolution
		Debug|Any CPU = Debug|Any CPU
		Release|Any CPU = Release|Any CPU
	EndGlobalSection
	GlobalSection(ProjectConfigurationPlatforms) = postSolution
		{7A93FFF8-1956-491E-ABD3-17EE8B355DD6}.Debug|Any CPU.ActiveCfg = Debug|Any CPU
		{7A93FFF8-1956-491E-ABD3-17EE8B355DD6}.Debug|Any CPU.Build.0 = Debug|Any CPU
		{7A93FFF8-1956-491E-ABD3-17EE8B355DD6}.Release|Any CPU.ActiveCfg = Release|Any CPU
		{7A93FFF8-1956-491E-ABD3-17EE8B355DD6}.Release|Any CPU.Build.0 = Release|Any CPU
		{E168A49C-FBA4-42AE-B4C2-74ADFE4A46FD}.Debug|Any CPU.ActiveCfg = Debug|Any CPU
		{E168A49C-FBA4-42AE-B4C2-74ADFE4A46FD}.Debug|Any CPU.Build.0 = Debug|Any CPU
		{E168A49C-FBA4-42AE-B4C2-74ADFE4A46FD}.Release|Any CPU.ActiveCfg = Release|Any CPU
		{E168A49C-FBA4-42AE-B4C2-74ADFE4A46FD}.Release|Any CPU.Build.0 = Release|Any CPU
		{7089410E-C068-467E-A4B8-641730ACBCC2}.Debug|Any CPU.ActiveCfg = Debug|Any CPU
		{7089410E-C068-467E-A4B8-641730ACBCC2}.Debug|Any CPU.Build.0 = Debug|Any CPU
		{7089410E-C068-467E-A4B8-641730ACBCC2}.Release|Any CPU.ActiveCfg = Release|Any CPU
		{7089410E-C068-467E-A4B8-641730ACBCC2}.Release|Any CPU.Build.0 = Release|Any CPU
		{6AD2FF24-46BE-4DB5-B00D-B603A5BC46AA}.Debug|Any CPU.ActiveCfg = Debug|Any CPU
		{6AD2FF24-46BE-4DB5-B00D-B603A5BC46AA}.Debug|Any CPU.Build.0 = Debug|Any CPU
		{6AD2FF24-46BE-4DB5-B00D-B603A5BC46AA}.Release|Any CPU.ActiveCfg = Release|Any CPU
		{6AD2FF24-46BE-4DB5-B00D-B603A5BC46AA}.Release|Any CPU.Build.0 = Release|Any CPU
		{88C32BA6-C7CD-4795-B035-80288B57CB4D}.Debug|Any CPU.ActiveCfg = Debug|Any CPU
		{88C32BA6-C7CD-4795-B035-80288B57CB4D}.Debug|Any CPU.Build.0 = Debug|Any CPU
		{88C32BA6-C7CD-4795-B035-80288B57CB4D}.Release|Any CPU.ActiveCfg = Release|Any CPU
		{88C32BA6-C7CD-4795-B035-80288B57CB4D}.Release|Any CPU.Build.0 = Release|Any CPU
		{C1873B82-1620-41AC-8ED0-4D3F7317358C}.Debug|Any CPU.ActiveCfg = Debug|Any CPU
		{C1873B82-1620-41AC-8ED0-4D3F7317358C}.Debug|Any CPU.Build.0 = Debug|Any CPU
		{C1873B82-1620-41AC-8ED0-4D3F7317358C}.Release|Any CPU.ActiveCfg = Release|Any CPU
		{C1873B82-1620-41AC-8ED0-4D3F7317358C}.Release|Any CPU.Build.0 = Release|Any CPU
		{7B2E68C3-9210-4C81-B30B-BCDADF89A2E0}.Debug|Any CPU.ActiveCfg = Debug|Any CPU
		{7B2E68C3-9210-4C81-B30B-BCDADF89A2E0}.Debug|Any CPU.Build.0 = Debug|Any CPU
		{7B2E68C3-9210-4C81-B30B-BCDADF89A2E0}.Release|Any CPU.ActiveCfg = Release|Any CPU
		{7B2E68C3-9210-4C81-B30B-BCDADF89A2E0}.Release|Any CPU.Build.0 = Release|Any CPU
		{AAB22D8A-EA24-44F0-985B-66628EC0616F}.Debug|Any CPU.ActiveCfg = Debug|Any CPU
		{AAB22D8A-EA24-44F0-985B-66628EC0616F}.Debug|Any CPU.Build.0 = Debug|Any CPU
		{AAB22D8A-EA24-44F0-985B-66628EC0616F}.Release|Any CPU.ActiveCfg = Release|Any CPU
		{AAB22D8A-EA24-44F0-985B-66628EC0616F}.Release|Any CPU.Build.0 = Release|Any CPU
		{F57F190A-D0E5-4991-A3AF-06E82123DADA}.Debug|Any CPU.ActiveCfg = Debug|Any CPU
		{F57F190A-D0E5-4991-A3AF-06E82123DADA}.Debug|Any CPU.Build.0 = Debug|Any CPU
		{F57F190A-D0E5-4991-A3AF-06E82123DADA}.Release|Any CPU.ActiveCfg = Release|Any CPU
		{F57F190A-D0E5-4991-A3AF-06E82123DADA}.Release|Any CPU.Build.0 = Release|Any CPU
		{BE12A96E-416A-4DCB-B303-D5D222C5BD31}.Debug|Any CPU.ActiveCfg = Debug|Any CPU
		{BE12A96E-416A-4DCB-B303-D5D222C5BD31}.Debug|Any CPU.Build.0 = Debug|Any CPU
		{BE12A96E-416A-4DCB-B303-D5D222C5BD31}.Release|Any CPU.ActiveCfg = Release|Any CPU
		{BE12A96E-416A-4DCB-B303-D5D222C5BD31}.Release|Any CPU.Build.0 = Release|Any CPU
		{0C2C606D-C6F2-4D25-A0C4-33B9CEAD697E}.Debug|Any CPU.ActiveCfg = Debug|Any CPU
		{0C2C606D-C6F2-4D25-A0C4-33B9CEAD697E}.Debug|Any CPU.Build.0 = Debug|Any CPU
		{0C2C606D-C6F2-4D25-A0C4-33B9CEAD697E}.Release|Any CPU.ActiveCfg = Release|Any CPU
		{0C2C606D-C6F2-4D25-A0C4-33B9CEAD697E}.Release|Any CPU.Build.0 = Release|Any CPU
		{79D45E55-8338-4711-A98B-CDA27DDE4A2E}.Debug|Any CPU.ActiveCfg = Debug|Any CPU
		{79D45E55-8338-4711-A98B-CDA27DDE4A2E}.Debug|Any CPU.Build.0 = Debug|Any CPU
		{79D45E55-8338-4711-A98B-CDA27DDE4A2E}.Release|Any CPU.ActiveCfg = Release|Any CPU
		{79D45E55-8338-4711-A98B-CDA27DDE4A2E}.Release|Any CPU.Build.0 = Release|Any CPU
		{E1A9B049-A8E2-43A0-BE77-B5C5B52FAC03}.Debug|Any CPU.ActiveCfg = Debug|Any CPU
		{E1A9B049-A8E2-43A0-BE77-B5C5B52FAC03}.Debug|Any CPU.Build.0 = Debug|Any CPU
		{E1A9B049-A8E2-43A0-BE77-B5C5B52FAC03}.Release|Any CPU.ActiveCfg = Release|Any CPU
		{E1A9B049-A8E2-43A0-BE77-B5C5B52FAC03}.Release|Any CPU.Build.0 = Release|Any CPU
		{0E48DB0D-8200-4A3C-9F19-79DC2B6735A7}.Debug|Any CPU.ActiveCfg = Debug|Any CPU
		{0E48DB0D-8200-4A3C-9F19-79DC2B6735A7}.Debug|Any CPU.Build.0 = Debug|Any CPU
		{0E48DB0D-8200-4A3C-9F19-79DC2B6735A7}.Release|Any CPU.ActiveCfg = Release|Any CPU
		{0E48DB0D-8200-4A3C-9F19-79DC2B6735A7}.Release|Any CPU.Build.0 = Release|Any CPU
		{A49950D1-31D9-4E76-81B7-3FA8269E4606}.Debug|Any CPU.ActiveCfg = Debug|Any CPU
		{A49950D1-31D9-4E76-81B7-3FA8269E4606}.Debug|Any CPU.Build.0 = Debug|Any CPU
		{A49950D1-31D9-4E76-81B7-3FA8269E4606}.Release|Any CPU.ActiveCfg = Release|Any CPU
		{A49950D1-31D9-4E76-81B7-3FA8269E4606}.Release|Any CPU.Build.0 = Release|Any CPU
		{EA34A984-0774-4A92-9E42-23FA6259205A}.Debug|Any CPU.ActiveCfg = Debug|Any CPU
		{EA34A984-0774-4A92-9E42-23FA6259205A}.Debug|Any CPU.Build.0 = Debug|Any CPU
		{EA34A984-0774-4A92-9E42-23FA6259205A}.Release|Any CPU.ActiveCfg = Release|Any CPU
		{EA34A984-0774-4A92-9E42-23FA6259205A}.Release|Any CPU.Build.0 = Release|Any CPU
		{A1ABB0DB-01C8-4BE5-8D47-1D3476890B89}.Debug|Any CPU.ActiveCfg = Debug|Any CPU
		{A1ABB0DB-01C8-4BE5-8D47-1D3476890B89}.Debug|Any CPU.Build.0 = Debug|Any CPU
		{A1ABB0DB-01C8-4BE5-8D47-1D3476890B89}.Release|Any CPU.ActiveCfg = Release|Any CPU
		{A1ABB0DB-01C8-4BE5-8D47-1D3476890B89}.Release|Any CPU.Build.0 = Release|Any CPU
		{6CEDA829-D15E-4E8C-AF38-3497A89F6FA4}.Debug|Any CPU.ActiveCfg = Debug|Any CPU
		{6CEDA829-D15E-4E8C-AF38-3497A89F6FA4}.Debug|Any CPU.Build.0 = Debug|Any CPU
		{6CEDA829-D15E-4E8C-AF38-3497A89F6FA4}.Release|Any CPU.ActiveCfg = Release|Any CPU
		{6CEDA829-D15E-4E8C-AF38-3497A89F6FA4}.Release|Any CPU.Build.0 = Release|Any CPU
		{B06263CF-A7E3-4047-8B8A-D1D6B68883F1}.Debug|Any CPU.ActiveCfg = Debug|Any CPU
		{B06263CF-A7E3-4047-8B8A-D1D6B68883F1}.Debug|Any CPU.Build.0 = Debug|Any CPU
		{B06263CF-A7E3-4047-8B8A-D1D6B68883F1}.Release|Any CPU.ActiveCfg = Release|Any CPU
		{B06263CF-A7E3-4047-8B8A-D1D6B68883F1}.Release|Any CPU.Build.0 = Release|Any CPU
		{DB040AF9-227A-4D64-8157-C9FC61C8020F}.Debug|Any CPU.ActiveCfg = Debug|Any CPU
		{DB040AF9-227A-4D64-8157-C9FC61C8020F}.Debug|Any CPU.Build.0 = Debug|Any CPU
		{DB040AF9-227A-4D64-8157-C9FC61C8020F}.Release|Any CPU.ActiveCfg = Release|Any CPU
		{DB040AF9-227A-4D64-8157-C9FC61C8020F}.Release|Any CPU.Build.0 = Release|Any CPU
		{6AD48C98-DC5B-4BD2-927A-47ED9312D8A9}.Debug|Any CPU.ActiveCfg = Debug|Any CPU
		{6AD48C98-DC5B-4BD2-927A-47ED9312D8A9}.Debug|Any CPU.Build.0 = Debug|Any CPU
		{6AD48C98-DC5B-4BD2-927A-47ED9312D8A9}.Release|Any CPU.ActiveCfg = Release|Any CPU
		{6AD48C98-DC5B-4BD2-927A-47ED9312D8A9}.Release|Any CPU.Build.0 = Release|Any CPU
		{D12DEB6D-C0CC-4E0D-86CC-5CF58630F350}.Debug|Any CPU.ActiveCfg = Debug|Any CPU
		{D12DEB6D-C0CC-4E0D-86CC-5CF58630F350}.Debug|Any CPU.Build.0 = Debug|Any CPU
		{D12DEB6D-C0CC-4E0D-86CC-5CF58630F350}.Release|Any CPU.ActiveCfg = Release|Any CPU
		{D12DEB6D-C0CC-4E0D-86CC-5CF58630F350}.Release|Any CPU.Build.0 = Release|Any CPU
		{389FF5D1-41B5-4787-95E2-2810CFDA6BF2}.Debug|Any CPU.ActiveCfg = Debug|Any CPU
		{389FF5D1-41B5-4787-95E2-2810CFDA6BF2}.Debug|Any CPU.Build.0 = Debug|Any CPU
		{389FF5D1-41B5-4787-95E2-2810CFDA6BF2}.Release|Any CPU.ActiveCfg = Release|Any CPU
		{389FF5D1-41B5-4787-95E2-2810CFDA6BF2}.Release|Any CPU.Build.0 = Release|Any CPU
		{96667657-EBDE-4856-BCB9-62AF650AE3AC}.Debug|Any CPU.ActiveCfg = Debug|Any CPU
		{96667657-EBDE-4856-BCB9-62AF650AE3AC}.Debug|Any CPU.Build.0 = Debug|Any CPU
		{96667657-EBDE-4856-BCB9-62AF650AE3AC}.Release|Any CPU.ActiveCfg = Release|Any CPU
		{96667657-EBDE-4856-BCB9-62AF650AE3AC}.Release|Any CPU.Build.0 = Release|Any CPU
		{7BDF7A72-3B03-4164-9459-2BD7228FF692}.Debug|Any CPU.ActiveCfg = Debug|Any CPU
		{7BDF7A72-3B03-4164-9459-2BD7228FF692}.Debug|Any CPU.Build.0 = Debug|Any CPU
		{7BDF7A72-3B03-4164-9459-2BD7228FF692}.Release|Any CPU.ActiveCfg = Release|Any CPU
		{7BDF7A72-3B03-4164-9459-2BD7228FF692}.Release|Any CPU.Build.0 = Release|Any CPU
		{595676CE-A636-4B23-8435-61F7B8585C13}.Debug|Any CPU.ActiveCfg = Debug|Any CPU
		{595676CE-A636-4B23-8435-61F7B8585C13}.Debug|Any CPU.Build.0 = Debug|Any CPU
		{595676CE-A636-4B23-8435-61F7B8585C13}.Release|Any CPU.ActiveCfg = Release|Any CPU
		{595676CE-A636-4B23-8435-61F7B8585C13}.Release|Any CPU.Build.0 = Release|Any CPU
		{9B74A216-F615-42E5-9805-C3958E4894BF}.Debug|Any CPU.ActiveCfg = Debug|Any CPU
		{9B74A216-F615-42E5-9805-C3958E4894BF}.Debug|Any CPU.Build.0 = Debug|Any CPU
		{9B74A216-F615-42E5-9805-C3958E4894BF}.Release|Any CPU.ActiveCfg = Release|Any CPU
		{9B74A216-F615-42E5-9805-C3958E4894BF}.Release|Any CPU.Build.0 = Release|Any CPU
		{C45656D2-8B3C-46C2-A636-A943199C5843}.Debug|Any CPU.ActiveCfg = Debug|Any CPU
		{C45656D2-8B3C-46C2-A636-A943199C5843}.Debug|Any CPU.Build.0 = Debug|Any CPU
		{C45656D2-8B3C-46C2-A636-A943199C5843}.Release|Any CPU.ActiveCfg = Release|Any CPU
		{C45656D2-8B3C-46C2-A636-A943199C5843}.Release|Any CPU.Build.0 = Release|Any CPU
		{252F6E4E-85EA-4A8D-9A87-B17B5C51A2CC}.Debug|Any CPU.ActiveCfg = Debug|Any CPU
		{252F6E4E-85EA-4A8D-9A87-B17B5C51A2CC}.Debug|Any CPU.Build.0 = Debug|Any CPU
		{252F6E4E-85EA-4A8D-9A87-B17B5C51A2CC}.Release|Any CPU.ActiveCfg = Release|Any CPU
		{252F6E4E-85EA-4A8D-9A87-B17B5C51A2CC}.Release|Any CPU.Build.0 = Release|Any CPU
		{31912158-B091-4B88-9F85-3401EE398CBA}.Debug|Any CPU.ActiveCfg = Debug|Any CPU
		{31912158-B091-4B88-9F85-3401EE398CBA}.Debug|Any CPU.Build.0 = Debug|Any CPU
		{31912158-B091-4B88-9F85-3401EE398CBA}.Release|Any CPU.ActiveCfg = Release|Any CPU
		{31912158-B091-4B88-9F85-3401EE398CBA}.Release|Any CPU.Build.0 = Release|Any CPU
		{124F1B8B-B43C-405C-B59B-4C6E145F26B8}.Debug|Any CPU.ActiveCfg = Debug|Any CPU
		{124F1B8B-B43C-405C-B59B-4C6E145F26B8}.Debug|Any CPU.Build.0 = Debug|Any CPU
		{124F1B8B-B43C-405C-B59B-4C6E145F26B8}.Release|Any CPU.ActiveCfg = Release|Any CPU
		{124F1B8B-B43C-405C-B59B-4C6E145F26B8}.Release|Any CPU.Build.0 = Release|Any CPU
	EndGlobalSection
	GlobalSection(SolutionProperties) = preSolution
		HideSolutionNode = FALSE
	EndGlobalSection
	GlobalSection(ExtensibilityGlobals) = postSolution
		SolutionGuid = {654E2005-6BDE-48D1-A08B-C0136EEF354D}
	EndGlobalSection
EndGlobal
